// !$*UTF8*$!
{
	archiveVersion = 1;
	classes = {
	};
	objectVersion = 46;
	objects = {

/* Begin PBXBuildFile section */
		A0630FF71C7F319F00B3EEE2 /* main.m in Sources */ = {isa = PBXBuildFile; fileRef = A0630FF61C7F319F00B3EEE2 /* main.m */; };
		A0630FFA1C7F319F00B3EEE2 /* AppDelegate.m in Sources */ = {isa = PBXBuildFile; fileRef = A0630FF91C7F319F00B3EEE2 /* AppDelegate.m */; };
		A0630FFD1C7F319F00B3EEE2 /* ViewController.m in Sources */ = {isa = PBXBuildFile; fileRef = A0630FFC1C7F319F00B3EEE2 /* ViewController.m */; };
		A06310001C7F319F00B3EEE2 /* Main.storyboard in Resources */ = {isa = PBXBuildFile; fileRef = A0630FFE1C7F319F00B3EEE2 /* Main.storyboard */; };
		A06310021C7F319F00B3EEE2 /* Images.xcassets in Resources */ = {isa = PBXBuildFile; fileRef = A06310011C7F319F00B3EEE2 /* Images.xcassets */; };
		A06310051C7F319F00B3EEE2 /* LaunchScreen.xib in Resources */ = {isa = PBXBuildFile; fileRef = A06310031C7F319F00B3EEE2 /* LaunchScreen.xib */; };
		A06310111C7F319F00B3EEE2 /* Lesson01Tests.m in Sources */ = {isa = PBXBuildFile; fileRef = A06310101C7F319F00B3EEE2 /* Lesson01Tests.m */; };
/* End PBXBuildFile section */

/* Begin PBXContainerItemProxy section */
		A063100B1C7F319F00B3EEE2 /* PBXContainerItemProxy */ = {
			isa = PBXContainerItemProxy;
			containerPortal = A0630FE91C7F319F00B3EEE2 /* Project object */;
			proxyType = 1;
			remoteGlobalIDString = A0630FF01C7F319F00B3EEE2;
			remoteInfo = Lesson01;
		};
/* End PBXContainerItemProxy section */

/* Begin PBXFileReference section */
		A0630FF11C7F319F00B3EEE2 /* Lesson01.app */ = {isa = PBXFileReference; explicitFileType = wrapper.application; includeInIndex = 0; path = Lesson01.app; sourceTree = BUILT_PRODUCTS_DIR; };
		A0630FF51C7F319F00B3EEE2 /* Info.plist */ = {isa = PBXFileReference; lastKnownFileType = text.plist.xml; path = Info.plist; sourceTree = "<group>"; };
		A0630FF61C7F319F00B3EEE2 /* main.m */ = {isa = PBXFileReference; lastKnownFileType = sourcecode.c.objc; path = main.m; sourceTree = "<group>"; };
		A0630FF81C7F319F00B3EEE2 /* AppDelegate.h */ = {isa = PBXFileReference; lastKnownFileType = sourcecode.c.h; path = AppDelegate.h; sourceTree = "<group>"; };
		A0630FF91C7F319F00B3EEE2 /* AppDelegate.m */ = {isa = PBXFileReference; lastKnownFileType = sourcecode.c.objc; path = AppDelegate.m; sourceTree = "<group>"; };
		A0630FFB1C7F319F00B3EEE2 /* ViewController.h */ = {isa = PBXFileReference; lastKnownFileType = sourcecode.c.h; path = ViewController.h; sourceTree = "<group>"; };
		A0630FFC1C7F319F00B3EEE2 /* ViewController.m */ = {isa = PBXFileReference; lastKnownFileType = sourcecode.c.objc; path = ViewController.m; sourceTree = "<group>"; };
		A0630FFF1C7F319F00B3EEE2 /* Base */ = {isa = PBXFileReference; lastKnownFileType = file.storyboard; name = Base; path = Base.lproj/Main.storyboard; sourceTree = "<group>"; };
		A06310011C7F319F00B3EEE2 /* Images.xcassets */ = {isa = PBXFileReference; lastKnownFileType = folder.assetcatalog; path = Images.xcassets; sourceTree = "<group>"; };
		A06310041C7F319F00B3EEE2 /* Base */ = {isa = PBXFileReference; lastKnownFileType = file.xib; name = Base; path = Base.lproj/LaunchScreen.xib; sourceTree = "<group>"; };
		A063100A1C7F319F00B3EEE2 /* Lesson01Tests.xctest */ = {isa = PBXFileReference; explicitFileType = wrapper.cfbundle; includeInIndex = 0; path = Lesson01Tests.xctest; sourceTree = BUILT_PRODUCTS_DIR; };
		A063100F1C7F319F00B3EEE2 /* Info.plist */ = {isa = PBXFileReference; lastKnownFileType = text.plist.xml; path = Info.plist; sourceTree = "<group>"; };
		A06310101C7F319F00B3EEE2 /* Lesson01Tests.m */ = {isa = PBXFileReference; lastKnownFileType = sourcecode.c.objc; path = Lesson01Tests.m; sourceTree = "<group>"; };
/* End PBXFileReference section */

/* Begin PBXFrameworksBuildPhase section */
		A0630FEE1C7F319F00B3EEE2 /* Frameworks */ = {
			isa = PBXFrameworksBuildPhase;
			buildActionMask = 2147483647;
			files = (
			);
			runOnlyForDeploymentPostprocessing = 0;
		};
		A06310071C7F319F00B3EEE2 /* Frameworks */ = {
			isa = PBXFrameworksBuildPhase;
			buildActionMask = 2147483647;
			files = (
			);
			runOnlyForDeploymentPostprocessing = 0;
		};
/* End PBXFrameworksBuildPhase section */

/* Begin PBXGroup section */
		A0630FE81C7F319F00B3EEE2 = {
			isa = PBXGroup;
			children = (
				A0630FF31C7F319F00B3EEE2 /* Lesson01 */,
				A063100D1C7F319F00B3EEE2 /* Lesson01Tests */,
				A0630FF21C7F319F00B3EEE2 /* Products */,
			);
			sourceTree = "<group>";
		};
		A0630FF21C7F319F00B3EEE2 /* Products */ = {
			isa = PBXGroup;
			children = (
				A0630FF11C7F319F00B3EEE2 /* Lesson01.app */,
				A063100A1C7F319F00B3EEE2 /* Lesson01Tests.xctest */,
			);
			name = Products;
			sourceTree = "<group>";
		};
		A0630FF31C7F319F00B3EEE2 /* Lesson01 */ = {
			isa = PBXGroup;
			children = (
				A0630FF81C7F319F00B3EEE2 /* AppDelegate.h */,
				A0630FF91C7F319F00B3EEE2 /* AppDelegate.m */,
				A0630FFB1C7F319F00B3EEE2 /* ViewController.h */,
				A0630FFC1C7F319F00B3EEE2 /* ViewController.m */,
				A0630FFE1C7F319F00B3EEE2 /* Main.storyboard */,
				A06310011C7F319F00B3EEE2 /* Images.xcassets */,
				A06310031C7F319F00B3EEE2 /* LaunchScreen.xib */,
				A0630FF41C7F319F00B3EEE2 /* Supporting Files */,
			);
			path = Lesson01;
			sourceTree = "<group>";
		};
		A0630FF41C7F319F00B3EEE2 /* Supporting Files */ = {
			isa = PBXGroup;
			children = (
				A0630FF51C7F319F00B3EEE2 /* Info.plist */,
				A0630FF61C7F319F00B3EEE2 /* main.m */,
			);
			name = "Supporting Files";
			sourceTree = "<group>";
		};
		A063100D1C7F319F00B3EEE2 /* Lesson01Tests */ = {
			isa = PBXGroup;
			children = (
				A06310101C7F319F00B3EEE2 /* Lesson01Tests.m */,
				A063100E1C7F319F00B3EEE2 /* Supporting Files */,
			);
			path = Lesson01Tests;
			sourceTree = "<group>";
		};
		A063100E1C7F319F00B3EEE2 /* Supporting Files */ = {
			isa = PBXGroup;
			children = (
				A063100F1C7F319F00B3EEE2 /* Info.plist */,
			);
			name = "Supporting Files";
			sourceTree = "<group>";
		};
/* End PBXGroup section */

/* Begin PBXNativeTarget section */
		A0630FF01C7F319F00B3EEE2 /* Lesson01 */ = {
			isa = PBXNativeTarget;
			buildConfigurationList = A06310141C7F319F00B3EEE2 /* Build configuration list for PBXNativeTarget "Lesson01" */;
			buildPhases = (
				A0630FED1C7F319F00B3EEE2 /* Sources */,
				A0630FEE1C7F319F00B3EEE2 /* Frameworks */,
				A0630FEF1C7F319F00B3EEE2 /* Resources */,
			);
			buildRules = (
			);
			dependencies = (
			);
			name = Lesson01;
			productName = Lesson01;
			productReference = A0630FF11C7F319F00B3EEE2 /* Lesson01.app */;
			productType = "com.apple.product-type.application";
		};
		A06310091C7F319F00B3EEE2 /* Lesson01Tests */ = {
			isa = PBXNativeTarget;
			buildConfigurationList = A06310171C7F319F00B3EEE2 /* Build configuration list for PBXNativeTarget "Lesson01Tests" */;
			buildPhases = (
				A06310061C7F319F00B3EEE2 /* Sources */,
				A06310071C7F319F00B3EEE2 /* Frameworks */,
				A06310081C7F319F00B3EEE2 /* Resources */,
			);
			buildRules = (
			);
			dependencies = (
				A063100C1C7F319F00B3EEE2 /* PBXTargetDependency */,
			);
			name = Lesson01Tests;
			productName = Lesson01Tests;
			productReference = A063100A1C7F319F00B3EEE2 /* Lesson01Tests.xctest */;
			productType = "com.apple.product-type.bundle.unit-test";
		};
/* End PBXNativeTarget section */

/* Begin PBXProject section */
		A0630FE91C7F319F00B3EEE2 /* Project object */ = {
			isa = PBXProject;
			attributes = {
				LastUpgradeCheck = 0640;
				ORGANIZATIONNAME = "黄梦妃";
				TargetAttributes = {
					A0630FF01C7F319F00B3EEE2 = {
						CreatedOnToolsVersion = 6.4;
					};
					A06310091C7F319F00B3EEE2 = {
						CreatedOnToolsVersion = 6.4;
						TestTargetID = A0630FF01C7F319F00B3EEE2;
					};
				};
			};
			buildConfigurationList = A0630FEC1C7F319F00B3EEE2 /* Build configuration list for PBXProject "Lesson01" */;
			compatibilityVersion = "Xcode 3.2";
			developmentRegion = English;
			hasScannedForEncodings = 0;
			knownRegions = (
				en,
				Base,
			);
			mainGroup = A0630FE81C7F319F00B3EEE2;
			productRefGroup = A0630FF21C7F319F00B3EEE2 /* Products */;
			projectDirPath = "";
			projectRoot = "";
			targets = (
				A0630FF01C7F319F00B3EEE2 /* Lesson01 */,
				A06310091C7F319F00B3EEE2 /* Lesson01Tests */,
			);
		};
/* End PBXProject section */

/* Begin PBXResourcesBuildPhase section */
		A0630FEF1C7F319F00B3EEE2 /* Resources */ = {
			isa = PBXResourcesBuildPhase;
			buildActionMask = 2147483647;
			files = (
				A06310001C7F319F00B3EEE2 /* Main.storyboard in Resources */,
				A06310051C7F319F00B3EEE2 /* LaunchScreen.xib in Resources */,
				A06310021C7F319F00B3EEE2 /* Images.xcassets in Resources */,
			);
			runOnlyForDeploymentPostprocessing = 0;
		};
		A06310081C7F319F00B3EEE2 /* Resources */ = {
			isa = PBXResourcesBuildPhase;
			buildActionMask = 2147483647;
			files = (
			);
			runOnlyForDeploymentPostprocessing = 0;
		};
/* End PBXResourcesBuildPhase section */

/* Begin PBXSourcesBuildPhase section */
		A0630FED1C7F319F00B3EEE2 /* Sources */ = {
			isa = PBXSourcesBuildPhase;
			buildActionMask = 2147483647;
			files = (
				A0630FFD1C7F319F00B3EEE2 /* ViewController.m in Sources */,
				A0630FFA1C7F319F00B3EEE2 /* AppDelegate.m in Sources */,
				A0630FF71C7F319F00B3EEE2 /* main.m in Sources */,
			);
			runOnlyForDeploymentPostprocessing = 0;
		};
		A06310061C7F319F00B3EEE2 /* Sources */ = {
			isa = PBXSourcesBuildPhase;
			buildActionMask = 2147483647;
			files = (
				A06310111C7F319F00B3EEE2 /* Lesson01Tests.m in Sources */,
			);
			runOnlyForDeploymentPostprocessing = 0;
		};
/* End PBXSourcesBuildPhase section */

/* Begin PBXTargetDependency section */
		A063100C1C7F319F00B3EEE2 /* PBXTargetDependency */ = {
			isa = PBXTargetDependency;
			target = A0630FF01C7F319F00B3EEE2 /* Lesson01 */;
			targetProxy = A063100B1C7F319F00B3EEE2 /* PBXContainerItemProxy */;
		};
/* End PBXTargetDependency section */

/* Begin PBXVariantGroup section */
		A0630FFE1C7F319F00B3EEE2 /* Main.storyboard */ = {
			isa = PBXVariantGroup;
			children = (
				A0630FFF1C7F319F00B3EEE2 /* Base */,
			);
			name = Main.storyboard;
			sourceTree = "<group>";
		};
		A06310031C7F319F00B3EEE2 /* LaunchScreen.xib */ = {
			isa = PBXVariantGroup;
			children = (
				A06310041C7F319F00B3EEE2 /* Base */,
			);
			name = LaunchScreen.xib;
			sourceTree = "<group>";
		};
/* End PBXVariantGroup section */

/* Begin XCBuildConfiguration section */
		A06310121C7F319F00B3EEE2 /* Debug */ = {
			isa = XCBuildConfiguration;
			buildSettings = {
				ALWAYS_SEARCH_USER_PATHS = NO;
				CLANG_CXX_LANGUAGE_STANDARD = "gnu++0x";
				CLANG_CXX_LIBRARY = "libc++";
				CLANG_ENABLE_MODULES = YES;
				CLANG_ENABLE_OBJC_ARC = YES;
				CLANG_WARN_BOOL_CONVERSION = YES;
				CLANG_WARN_CONSTANT_CONVERSION = YES;
				CLANG_WARN_DIRECT_OBJC_ISA_USAGE = YES_ERROR;
				CLANG_WARN_EMPTY_BODY = YES;
				CLANG_WARN_ENUM_CONVERSION = YES;
				CLANG_WARN_INT_CONVERSION = YES;
				CLANG_WARN_OBJC_ROOT_CLASS = YES_ERROR;
				CLANG_WARN_UNREACHABLE_CODE = YES;
				CLANG_WARN__DUPLICATE_METHOD_MATCH = YES;
				"CODE_SIGN_IDENTITY[sdk=iphoneos*]" = "iPhone Developer";
				COPY_PHASE_STRIP = NO;
				DEBUG_INFORMATION_FORMAT = "dwarf-with-dsym";
				ENABLE_STRICT_OBJC_MSGSEND = YES;
				GCC_C_LANGUAGE_STANDARD = gnu99;
				GCC_DYNAMIC_NO_PIC = NO;
				GCC_NO_COMMON_BLOCKS = YES;
				GCC_OPTIMIZATION_LEVEL = 0;
				GCC_PREPROCESSOR_DEFINITIONS = (
					"DEBUG=1",
					"$(inherited)",
				);
				GCC_SYMBOLS_PRIVATE_EXTERN = NO;
				GCC_WARN_64_TO_32_BIT_CONVERSION = YES;
				GCC_WARN_ABOUT_RETURN_TYPE = YES_ERROR;
				GCC_WARN_UNDECLARED_SELECTOR = YES;
				GCC_WARN_UNINITIALIZED_AUTOS = YES_AGGRESSIVE;
				GCC_WARN_UNUSED_FUNCTION = YES;
				GCC_WARN_UNUSED_VARIABLE = YES;
				IPHONEOS_DEPLOYMENT_TARGET = 8.4;
				MTL_ENABLE_DEBUG_INFO = YES;
				ONLY_ACTIVE_ARCH = YES;
				SDKROOT = iphoneos;
			};
			name = Debug;
		};
		A06310131C7F319F00B3EEE2 /* Release */ = {
			isa = XCBuildConfiguration;
			buildSettings = {
				ALWAYS_SEARCH_USER_PATHS = NO;
				CLANG_CXX_LANGUAGE_STANDARD = "gnu++0x";
				CLANG_CXX_LIBRARY = "libc++";
				CLANG_ENABLE_MODULES = YES;
				CLANG_ENABLE_OBJC_ARC = YES;
				CLANG_WARN_BOOL_CONVERSION = YES;
				CLANG_WARN_CONSTANT_CONVERSION = YES;
				CLANG_WARN_DIRECT_OBJC_ISA_USAGE = YES_ERROR;
				CLANG_WARN_EMPTY_BODY = YES;
				CLANG_WARN_ENUM_CONVERSION = YES;
				CLANG_WARN_INT_CONVERSION = YES;
				CLANG_WARN_OBJC_ROOT_CLASS = YES_ERROR;
				CLANG_WARN_UNREACHABLE_CODE = YES;
				CLANG_WARN__DUPLICATE_METHOD_MATCH = YES;
				"CODE_SIGN_IDENTITY[sdk=iphoneos*]" = "iPhone Developer";
				COPY_PHASE_STRIP = NO;
				DEBUG_INFORMATION_FORMAT = "dwarf-with-dsym";
				ENABLE_NS_ASSERTIONS = NO;
				ENABLE_STRICT_OBJC_MSGSEND = YES;
				GCC_C_LANGUAGE_STANDARD = gnu99;
				GCC_NO_COMMON_BLOCKS = YES;
				GCC_WARN_64_TO_32_BIT_CONVERSION = YES;
				GCC_WARN_ABOUT_RETURN_TYPE = YES_ERROR;
				GCC_WARN_UNDECLARED_SELECTOR = YES;
				GCC_WARN_UNINITIALIZED_AUTOS = YES_AGGRESSIVE;
				GCC_WARN_UNUSED_FUNCTION = YES;
				GCC_WARN_UNUSED_VARIABLE = YES;
				IPHONEOS_DEPLOYMENT_TARGET = 8.4;
				MTL_ENABLE_DEBUG_INFO = NO;
				SDKROOT = iphoneos;
				VALIDATE_PRODUCT = YES;
			};
			name = Release;
		};
		A06310151C7F319F00B3EEE2 /* Debug */ = {
			isa = XCBuildConfiguration;
			buildSettings = {
				ASSETCATALOG_COMPILER_APPICON_NAME = AppIcon;
				INFOPLIST_FILE = Lesson01/Info.plist;
				LD_RUNPATH_SEARCH_PATHS = "$(inherited) @executable_path/Frameworks";
				PRODUCT_NAME = "$(TARGET_NAME)";
			};
			name = Debug;
		};
		A06310161C7F319F00B3EEE2 /* Release */ = {
			isa = XCBuildConfiguration;
			buildSettings = {
				ASSETCATALOG_COMPILER_APPICON_NAME = AppIcon;
				INFOPLIST_FILE = Lesson01/Info.plist;
				LD_RUNPATH_SEARCH_PATHS = "$(inherited) @executable_path/Frameworks";
				PRODUCT_NAME = "$(TARGET_NAME)";
			};
			name = Release;
		};
		A06310181C7F319F00B3EEE2 /* Debug */ = {
			isa = XCBuildConfiguration;
			buildSettings = {
				BUNDLE_LOADER = "$(TEST_HOST)";
				FRAMEWORK_SEARCH_PATHS = (
					"$(SDKROOT)/Developer/Library/Frameworks",
					"$(inherited)",
				);
				GCC_PREPROCESSOR_DEFINITIONS = (
					"DEBUG=1",
					"$(inherited)",
				);
				INFOPLIST_FILE = Lesson01Tests/Info.plist;
				LD_RUNPATH_SEARCH_PATHS = "$(inherited) @executable_path/Frameworks @loader_path/Frameworks";
				PRODUCT_NAME = "$(TARGET_NAME)";
				TEST_HOST = "$(BUILT_PRODUCTS_DIR)/Lesson01.app/Lesson01";
			};
			name = Debug;
		};
		A06310191C7F319F00B3EEE2 /* Release */ = {
			isa = XCBuildConfiguration;
			buildSettings = {
				BUNDLE_LOADER = "$(TEST_HOST)";
				FRAMEWORK_SEARCH_PATHS = (
					"$(SDKROOT)/Developer/Library/Frameworks",
					"$(inherited)",
				);
				INFOPLIST_FILE = Lesson01Tests/Info.plist;
				LD_RUNPATH_SEARCH_PATHS = "$(inherited) @executable_path/Frameworks @loader_path/Frameworks";
				PRODUCT_NAME = "$(TARGET_NAME)";
				TEST_HOST = "$(BUILT_PRODUCTS_DIR)/Lesson01.app/Lesson01";
			};
			name = Release;
		};
/* End XCBuildConfiguration section */

/* Begin XCConfigurationList section */
		A0630FEC1C7F319F00B3EEE2 /* Build configuration list for PBXProject "Lesson01" */ = {
			isa = XCConfigurationList;
			buildConfigurations = (
				A06310121C7F319F00B3EEE2 /* Debug */,
				A06310131C7F319F00B3EEE2 /* Release */,
			);
			defaultConfigurationIsVisible = 0;
			defaultConfigurationName = Release;
		};
		A06310141C7F319F00B3EEE2 /* Build configuration list for PBXNativeTarget "Lesson01" */ = {
			isa = XCConfigurationList;
			buildConfigurations = (
				A06310151C7F319F00B3EEE2 /* Debug */,
				A06310161C7F319F00B3EEE2 /* Release */,
			);
			defaultConfigurationIsVisible = 0;
		};
		A06310171C7F319F00B3EEE2 /* Build configuration list for PBXNativeTarget "Lesson01Tests" */ = {
			isa = XCConfigurationList;
			buildConfigurations = (
				A06310181C7F319F00B3EEE2 /* Debug */,
				A06310191C7F319F00B3EEE2 /* Release */,
			);
			defaultConfigurationIsVisible = 0;
		};
/* End XCConfigurationList section */
	};
	rootObject = A0630FE91C7F319F00B3EEE2 /* Project object */;
}
