// !$*UTF8*$!
{
	archiveVersion = 1;
	classes = {
	};
	objectVersion = 46;
	objects = {

/* Begin PBXBuildFile section */
		A06311951C844FEA00B3EEE2 /* main.m in Sources */ = {isa = PBXBuildFile; fileRef = A06311941C844FEA00B3EEE2 /* main.m */; };
		A06311981C844FEA00B3EEE2 /* AppDelegate.m in Sources */ = {isa = PBXBuildFile; fileRef = A06311971C844FEA00B3EEE2 /* AppDelegate.m */; };
		A063119B1C844FEA00B3EEE2 /* ViewController.m in Sources */ = {isa = PBXBuildFile; fileRef = A063119A1C844FEA00B3EEE2 /* ViewController.m */; };
		A063119E1C844FEA00B3EEE2 /* Main.storyboard in Resources */ = {isa = PBXBuildFile; fileRef = A063119C1C844FEA00B3EEE2 /* Main.storyboard */; };
		A06311A01C844FEA00B3EEE2 /* Images.xcassets in Resources */ = {isa = PBXBuildFile; fileRef = A063119F1C844FEA00B3EEE2 /* Images.xcassets */; };
		A06311A31C844FEA00B3EEE2 /* LaunchScreen.xib in Resources */ = {isa = PBXBuildFile; fileRef = A06311A11C844FEA00B3EEE2 /* LaunchScreen.xib */; };
		A06311AF1C844FEA00B3EEE2 /* BezierPathTests.m in Sources */ = {isa = PBXBuildFile; fileRef = A06311AE1C844FEA00B3EEE2 /* BezierPathTests.m */; };
/* End PBXBuildFile section */

/* Begin PBXContainerItemProxy section */
		A06311A91C844FEA00B3EEE2 /* PBXContainerItemProxy */ = {
			isa = PBXContainerItemProxy;
			containerPortal = A06311871C844FEA00B3EEE2 /* Project object */;
			proxyType = 1;
			remoteGlobalIDString = A063118E1C844FEA00B3EEE2;
			remoteInfo = BezierPath;
		};
/* End PBXContainerItemProxy section */

/* Begin PBXFileReference section */
		A063118F1C844FEA00B3EEE2 /* BezierPath.app */ = {isa = PBXFileReference; explicitFileType = wrapper.application; includeInIndex = 0; path = BezierPath.app; sourceTree = BUILT_PRODUCTS_DIR; };
		A06311931C844FEA00B3EEE2 /* Info.plist */ = {isa = PBXFileReference; lastKnownFileType = text.plist.xml; path = Info.plist; sourceTree = "<group>"; };
		A06311941C844FEA00B3EEE2 /* main.m */ = {isa = PBXFileReference; lastKnownFileType = sourcecode.c.objc; path = main.m; sourceTree = "<group>"; };
		A06311961C844FEA00B3EEE2 /* AppDelegate.h */ = {isa = PBXFileReference; lastKnownFileType = sourcecode.c.h; path = AppDelegate.h; sourceTree = "<group>"; };
		A06311971C844FEA00B3EEE2 /* AppDelegate.m */ = {isa = PBXFileReference; lastKnownFileType = sourcecode.c.objc; path = AppDelegate.m; sourceTree = "<group>"; };
		A06311991C844FEA00B3EEE2 /* ViewController.h */ = {isa = PBXFileReference; lastKnownFileType = sourcecode.c.h; path = ViewController.h; sourceTree = "<group>"; };
		A063119A1C844FEA00B3EEE2 /* ViewController.m */ = {isa = PBXFileReference; lastKnownFileType = sourcecode.c.objc; path = ViewController.m; sourceTree = "<group>"; };
		A063119D1C844FEA00B3EEE2 /* Base */ = {isa = PBXFileReference; lastKnownFileType = file.storyboard; name = Base; path = Base.lproj/Main.storyboard; sourceTree = "<group>"; };
		A063119F1C844FEA00B3EEE2 /* Images.xcassets */ = {isa = PBXFileReference; lastKnownFileType = folder.assetcatalog; path = Images.xcassets; sourceTree = "<group>"; };
		A06311A21C844FEA00B3EEE2 /* Base */ = {isa = PBXFileReference; lastKnownFileType = file.xib; name = Base; path = Base.lproj/LaunchScreen.xib; sourceTree = "<group>"; };
		A06311A81C844FEA00B3EEE2 /* BezierPathTests.xctest */ = {isa = PBXFileReference; explicitFileType = wrapper.cfbundle; includeInIndex = 0; path = BezierPathTests.xctest; sourceTree = BUILT_PRODUCTS_DIR; };
		A06311AD1C844FEA00B3EEE2 /* Info.plist */ = {isa = PBXFileReference; lastKnownFileType = text.plist.xml; path = Info.plist; sourceTree = "<group>"; };
		A06311AE1C844FEA00B3EEE2 /* BezierPathTests.m */ = {isa = PBXFileReference; lastKnownFileType = sourcecode.c.objc; path = BezierPathTests.m; sourceTree = "<group>"; };
/* End PBXFileReference section */

/* Begin PBXFrameworksBuildPhase section */
		A063118C1C844FEA00B3EEE2 /* Frameworks */ = {
			isa = PBXFrameworksBuildPhase;
			buildActionMask = 2147483647;
			files = (
			);
			runOnlyForDeploymentPostprocessing = 0;
		};
		A06311A51C844FEA00B3EEE2 /* Frameworks */ = {
			isa = PBXFrameworksBuildPhase;
			buildActionMask = 2147483647;
			files = (
			);
			runOnlyForDeploymentPostprocessing = 0;
		};
/* End PBXFrameworksBuildPhase section */

/* Begin PBXGroup section */
		A06311861C844FEA00B3EEE2 = {
			isa = PBXGroup;
			children = (
				A06311911C844FEA00B3EEE2 /* BezierPath */,
				A06311AB1C844FEA00B3EEE2 /* BezierPathTests */,
				A06311901C844FEA00B3EEE2 /* Products */,
			);
			sourceTree = "<group>";
		};
		A06311901C844FEA00B3EEE2 /* Products */ = {
			isa = PBXGroup;
			children = (
				A063118F1C844FEA00B3EEE2 /* BezierPath.app */,
				A06311A81C844FEA00B3EEE2 /* BezierPathTests.xctest */,
			);
			name = Products;
			sourceTree = "<group>";
		};
		A06311911C844FEA00B3EEE2 /* BezierPath */ = {
			isa = PBXGroup;
			children = (
				A06311961C844FEA00B3EEE2 /* AppDelegate.h */,
				A06311971C844FEA00B3EEE2 /* AppDelegate.m */,
				A06311991C844FEA00B3EEE2 /* ViewController.h */,
				A063119A1C844FEA00B3EEE2 /* ViewController.m */,
				A063119C1C844FEA00B3EEE2 /* Main.storyboard */,
				A063119F1C844FEA00B3EEE2 /* Images.xcassets */,
				A06311A11C844FEA00B3EEE2 /* LaunchScreen.xib */,
				A06311921C844FEA00B3EEE2 /* Supporting Files */,
			);
			path = BezierPath;
			sourceTree = "<group>";
		};
		A06311921C844FEA00B3EEE2 /* Supporting Files */ = {
			isa = PBXGroup;
			children = (
				A06311931C844FEA00B3EEE2 /* Info.plist */,
				A06311941C844FEA00B3EEE2 /* main.m */,
			);
			name = "Supporting Files";
			sourceTree = "<group>";
		};
		A06311AB1C844FEA00B3EEE2 /* BezierPathTests */ = {
			isa = PBXGroup;
			children = (
				A06311AE1C844FEA00B3EEE2 /* BezierPathTests.m */,
				A06311AC1C844FEA00B3EEE2 /* Supporting Files */,
			);
			path = BezierPathTests;
			sourceTree = "<group>";
		};
		A06311AC1C844FEA00B3EEE2 /* Supporting Files */ = {
			isa = PBXGroup;
			children = (
				A06311AD1C844FEA00B3EEE2 /* Info.plist */,
			);
			name = "Supporting Files";
			sourceTree = "<group>";
		};
/* End PBXGroup section */

/* Begin PBXNativeTarget section */
		A063118E1C844FEA00B3EEE2 /* BezierPath */ = {
			isa = PBXNativeTarget;
			buildConfigurationList = A06311B21C844FEA00B3EEE2 /* Build configuration list for PBXNativeTarget "BezierPath" */;
			buildPhases = (
				A063118B1C844FEA00B3EEE2 /* Sources */,
				A063118C1C844FEA00B3EEE2 /* Frameworks */,
				A063118D1C844FEA00B3EEE2 /* Resources */,
			);
			buildRules = (
			);
			dependencies = (
			);
			name = BezierPath;
			productName = BezierPath;
			productReference = A063118F1C844FEA00B3EEE2 /* BezierPath.app */;
			productType = "com.apple.product-type.application";
		};
		A06311A71C844FEA00B3EEE2 /* BezierPathTests */ = {
			isa = PBXNativeTarget;
			buildConfigurationList = A06311B51C844FEA00B3EEE2 /* Build configuration list for PBXNativeTarget "BezierPathTests" */;
			buildPhases = (
				A06311A41C844FEA00B3EEE2 /* Sources */,
				A06311A51C844FEA00B3EEE2 /* Frameworks */,
				A06311A61C844FEA00B3EEE2 /* Resources */,
			);
			buildRules = (
			);
			dependencies = (
				A06311AA1C844FEA00B3EEE2 /* PBXTargetDependency */,
			);
			name = BezierPathTests;
			productName = BezierPathTests;
			productReference = A06311A81C844FEA00B3EEE2 /* BezierPathTests.xctest */;
			productType = "com.apple.product-type.bundle.unit-test";
		};
/* End PBXNativeTarget section */

/* Begin PBXProject section */
		A06311871C844FEA00B3EEE2 /* Project object */ = {
			isa = PBXProject;
			attributes = {
				LastUpgradeCheck = 0640;
				ORGANIZATIONNAME = "黄梦妃";
				TargetAttributes = {
					A063118E1C844FEA00B3EEE2 = {
						CreatedOnToolsVersion = 6.4;
					};
					A06311A71C844FEA00B3EEE2 = {
						CreatedOnToolsVersion = 6.4;
						TestTargetID = A063118E1C844FEA00B3EEE2;
					};
				};
			};
			buildConfigurationList = A063118A1C844FEA00B3EEE2 /* Build configuration list for PBXProject "BezierPath" */;
			compatibilityVersion = "Xcode 3.2";
			developmentRegion = English;
			hasScannedForEncodings = 0;
			knownRegions = (
				en,
				Base,
			);
			mainGroup = A06311861C844FEA00B3EEE2;
			productRefGroup = A06311901C844FEA00B3EEE2 /* Products */;
			projectDirPath = "";
			projectRoot = "";
			targets = (
				A063118E1C844FEA00B3EEE2 /* BezierPath */,
				A06311A71C844FEA00B3EEE2 /* BezierPathTests */,
			);
		};
/* End PBXProject section */

/* Begin PBXResourcesBuildPhase section */
		A063118D1C844FEA00B3EEE2 /* Resources */ = {
			isa = PBXResourcesBuildPhase;
			buildActionMask = 2147483647;
			files = (
				A063119E1C844FEA00B3EEE2 /* Main.storyboard in Resources */,
				A06311A31C844FEA00B3EEE2 /* LaunchScreen.xib in Resources */,
				A06311A01C844FEA00B3EEE2 /* Images.xcassets in Resources */,
			);
			runOnlyForDeploymentPostprocessing = 0;
		};
		A06311A61C844FEA00B3EEE2 /* Resources */ = {
			isa = PBXResourcesBuildPhase;
			buildActionMask = 2147483647;
			files = (
			);
			runOnlyForDeploymentPostprocessing = 0;
		};
/* End PBXResourcesBuildPhase section */

/* Begin PBXSourcesBuildPhase section */
		A063118B1C844FEA00B3EEE2 /* Sources */ = {
			isa = PBXSourcesBuildPhase;
			buildActionMask = 2147483647;
			files = (
				A063119B1C844FEA00B3EEE2 /* ViewController.m in Sources */,
				A06311981C844FEA00B3EEE2 /* AppDelegate.m in Sources */,
				A06311951C844FEA00B3EEE2 /* main.m in Sources */,
			);
			runOnlyForDeploymentPostprocessing = 0;
		};
		A06311A41C844FEA00B3EEE2 /* Sources */ = {
			isa = PBXSourcesBuildPhase;
			buildActionMask = 2147483647;
			files = (
				A06311AF1C844FEA00B3EEE2 /* BezierPathTests.m in Sources */,
			);
			runOnlyForDeploymentPostprocessing = 0;
		};
/* End PBXSourcesBuildPhase section */

/* Begin PBXTargetDependency section */
		A06311AA1C844FEA00B3EEE2 /* PBXTargetDependency */ = {
			isa = PBXTargetDependency;
			target = A063118E1C844FEA00B3EEE2 /* BezierPath */;
			targetProxy = A06311A91C844FEA00B3EEE2 /* PBXContainerItemProxy */;
		};
/* End PBXTargetDependency section */

/* Begin PBXVariantGroup section */
		A063119C1C844FEA00B3EEE2 /* Main.storyboard */ = {
			isa = PBXVariantGroup;
			children = (
				A063119D1C844FEA00B3EEE2 /* Base */,
			);
			name = Main.storyboard;
			sourceTree = "<group>";
		};
		A06311A11C844FEA00B3EEE2 /* LaunchScreen.xib */ = {
			isa = PBXVariantGroup;
			children = (
				A06311A21C844FEA00B3EEE2 /* Base */,
			);
			name = LaunchScreen.xib;
			sourceTree = "<group>";
		};
/* End PBXVariantGroup section */

/* Begin XCBuildConfiguration section */
		A06311B01C844FEA00B3EEE2 /* Debug */ = {
			isa = XCBuildConfiguration;
			buildSettings = {
				ALWAYS_SEARCH_USER_PATHS = NO;
				CLANG_CXX_LANGUAGE_STANDARD = "gnu++0x";
				CLANG_CXX_LIBRARY = "libc++";
				CLANG_ENABLE_MODULES = YES;
				CLANG_ENABLE_OBJC_ARC = YES;
				CLANG_WARN_BOOL_CONVERSION = YES;
				CLANG_WARN_CONSTANT_CONVERSION = YES;
				CLANG_WARN_DIRECT_OBJC_ISA_USAGE = YES_ERROR;
				CLANG_WARN_EMPTY_BODY = YES;
				CLANG_WARN_ENUM_CONVERSION = YES;
				CLANG_WARN_INT_CONVERSION = YES;
				CLANG_WARN_OBJC_ROOT_CLASS = YES_ERROR;
				CLANG_WARN_UNREACHABLE_CODE = YES;
				CLANG_WARN__DUPLICATE_METHOD_MATCH = YES;
				"CODE_SIGN_IDENTITY[sdk=iphoneos*]" = "iPhone Developer";
				COPY_PHASE_STRIP = NO;
				DEBUG_INFORMATION_FORMAT = "dwarf-with-dsym";
				ENABLE_STRICT_OBJC_MSGSEND = YES;
				GCC_C_LANGUAGE_STANDARD = gnu99;
				GCC_DYNAMIC_NO_PIC = NO;
				GCC_NO_COMMON_BLOCKS = YES;
				GCC_OPTIMIZATION_LEVEL = 0;
				GCC_PREPROCESSOR_DEFINITIONS = (
					"DEBUG=1",
					"$(inherited)",
				);
				GCC_SYMBOLS_PRIVATE_EXTERN = NO;
				GCC_WARN_64_TO_32_BIT_CONVERSION = YES;
				GCC_WARN_ABOUT_RETURN_TYPE = YES_ERROR;
				GCC_WARN_UNDECLARED_SELECTOR = YES;
				GCC_WARN_UNINITIALIZED_AUTOS = YES_AGGRESSIVE;
				GCC_WARN_UNUSED_FUNCTION = YES;
				GCC_WARN_UNUSED_VARIABLE = YES;
				IPHONEOS_DEPLOYMENT_TARGET = 8.4;
				MTL_ENABLE_DEBUG_INFO = YES;
				ONLY_ACTIVE_ARCH = YES;
				SDKROOT = iphoneos;
			};
			name = Debug;
		};
		A06311B11C844FEA00B3EEE2 /* Release */ = {
			isa = XCBuildConfiguration;
			buildSettings = {
				ALWAYS_SEARCH_USER_PATHS = NO;
				CLANG_CXX_LANGUAGE_STANDARD = "gnu++0x";
				CLANG_CXX_LIBRARY = "libc++";
				CLANG_ENABLE_MODULES = YES;
				CLANG_ENABLE_OBJC_ARC = YES;
				CLANG_WARN_BOOL_CONVERSION = YES;
				CLANG_WARN_CONSTANT_CONVERSION = YES;
				CLANG_WARN_DIRECT_OBJC_ISA_USAGE = YES_ERROR;
				CLANG_WARN_EMPTY_BODY = YES;
				CLANG_WARN_ENUM_CONVERSION = YES;
				CLANG_WARN_INT_CONVERSION = YES;
				CLANG_WARN_OBJC_ROOT_CLASS = YES_ERROR;
				CLANG_WARN_UNREACHABLE_CODE = YES;
				CLANG_WARN__DUPLICATE_METHOD_MATCH = YES;
				"CODE_SIGN_IDENTITY[sdk=iphoneos*]" = "iPhone Developer";
				COPY_PHASE_STRIP = NO;
				DEBUG_INFORMATION_FORMAT = "dwarf-with-dsym";
				ENABLE_NS_ASSERTIONS = NO;
				ENABLE_STRICT_OBJC_MSGSEND = YES;
				GCC_C_LANGUAGE_STANDARD = gnu99;
				GCC_NO_COMMON_BLOCKS = YES;
				GCC_WARN_64_TO_32_BIT_CONVERSION = YES;
				GCC_WARN_ABOUT_RETURN_TYPE = YES_ERROR;
				GCC_WARN_UNDECLARED_SELECTOR = YES;
				GCC_WARN_UNINITIALIZED_AUTOS = YES_AGGRESSIVE;
				GCC_WARN_UNUSED_FUNCTION = YES;
				GCC_WARN_UNUSED_VARIABLE = YES;
				IPHONEOS_DEPLOYMENT_TARGET = 8.4;
				MTL_ENABLE_DEBUG_INFO = NO;
				SDKROOT = iphoneos;
				VALIDATE_PRODUCT = YES;
			};
			name = Release;
		};
		A06311B31C844FEA00B3EEE2 /* Debug */ = {
			isa = XCBuildConfiguration;
			buildSettings = {
				ASSETCATALOG_COMPILER_APPICON_NAME = AppIcon;
				INFOPLIST_FILE = BezierPath/Info.plist;
				LD_RUNPATH_SEARCH_PATHS = "$(inherited) @executable_path/Frameworks";
				PRODUCT_NAME = "$(TARGET_NAME)";
			};
			name = Debug;
		};
		A06311B41C844FEA00B3EEE2 /* Release */ = {
			isa = XCBuildConfiguration;
			buildSettings = {
				ASSETCATALOG_COMPILER_APPICON_NAME = AppIcon;
				INFOPLIST_FILE = BezierPath/Info.plist;
				LD_RUNPATH_SEARCH_PATHS = "$(inherited) @executable_path/Frameworks";
				PRODUCT_NAME = "$(TARGET_NAME)";
			};
			name = Release;
		};
		A06311B61C844FEA00B3EEE2 /* Debug */ = {
			isa = XCBuildConfiguration;
			buildSettings = {
				BUNDLE_LOADER = "$(TEST_HOST)";
				FRAMEWORK_SEARCH_PATHS = (
					"$(SDKROOT)/Developer/Library/Frameworks",
					"$(inherited)",
				);
				GCC_PREPROCESSOR_DEFINITIONS = (
					"DEBUG=1",
					"$(inherited)",
				);
				INFOPLIST_FILE = BezierPathTests/Info.plist;
				LD_RUNPATH_SEARCH_PATHS = "$(inherited) @executable_path/Frameworks @loader_path/Frameworks";
				PRODUCT_NAME = "$(TARGET_NAME)";
				TEST_HOST = "$(BUILT_PRODUCTS_DIR)/BezierPath.app/BezierPath";
			};
			name = Debug;
		};
		A06311B71C844FEA00B3EEE2 /* Release */ = {
			isa = XCBuildConfiguration;
			buildSettings = {
				BUNDLE_LOADER = "$(TEST_HOST)";
				FRAMEWORK_SEARCH_PATHS = (
					"$(SDKROOT)/Developer/Library/Frameworks",
					"$(inherited)",
				);
				INFOPLIST_FILE = BezierPathTests/Info.plist;
				LD_RUNPATH_SEARCH_PATHS = "$(inherited) @executable_path/Frameworks @loader_path/Frameworks";
				PRODUCT_NAME = "$(TARGET_NAME)";
				TEST_HOST = "$(BUILT_PRODUCTS_DIR)/BezierPath.app/BezierPath";
			};
			name = Release;
		};
/* End XCBuildConfiguration section */

/* Begin XCConfigurationList section */
		A063118A1C844FEA00B3EEE2 /* Build configuration list for PBXProject "BezierPath" */ = {
			isa = XCConfigurationList;
			buildConfigurations = (
				A06311B01C844FEA00B3EEE2 /* Debug */,
				A06311B11C844FEA00B3EEE2 /* Release */,
			);
			defaultConfigurationIsVisible = 0;
			defaultConfigurationName = Release;
		};
		A06311B21C844FEA00B3EEE2 /* Build configuration list for PBXNativeTarget "BezierPath" */ = {
			isa = XCConfigurationList;
			buildConfigurations = (
				A06311B31C844FEA00B3EEE2 /* Debug */,
				A06311B41C844FEA00B3EEE2 /* Release */,
			);
			defaultConfigurationIsVisible = 0;
		};
		A06311B51C844FEA00B3EEE2 /* Build configuration list for PBXNativeTarget "BezierPathTests" */ = {
			isa = XCConfigurationList;
			buildConfigurations = (
				A06311B61C844FEA00B3EEE2 /* Debug */,
				A06311B71C844FEA00B3EEE2 /* Release */,
			);
			defaultConfigurationIsVisible = 0;
		};
/* End XCConfigurationList section */
	};
	rootObject = A06311871C844FEA00B3EEE2 /* Project object */;
}
